
Microsoft Visual Studio Solution File, Format Version 12.00
# Visual Studio 15
Project("{FAE04EC0-301F-11D3-BF4B-00C04F79EFBC}") = "PixelEscape", "Assembly-CSharp.csproj", "{47808441-6DE4-F1E6-0D89-3E0BE8D0BF87}"
EndProject
Project("{FAE04EC0-301F-11D3-BF4B-00C04F79EFBC}") = "PixelEscape", "Assembly-CSharp-firstpass.csproj", "{7C268F59-2C0F-EDB9-FC5A-777075915CBB}"
EndProject
Project("{FAE04EC0-301F-11D3-BF4B-00C04F79EFBC}") = "PixelEscape", "Assembly-CSharp-Editor-firstpass.csproj", "{689FED1B-50B7-28A9-F894-0C66A6E315D8}"
EndProject
Project("{FAE04EC0-301F-11D3-BF4B-00C04F79EFBC}") = "PixelEscape", "Assembly-CSharp-Editor.csproj", "{1A6DB790-F8A5-5B60-C9C2-3D4B6E02B54E}"
EndProject
Global
	GlobalSection(SolutionConfigurationPlatforms) = preSolution
		Debug|Any CPU = Debug|Any CPU
		Release|Any CPU = Release|Any CPU
	EndGlobalSection
	GlobalSection(ProjectConfigurationPlatforms) = postSolution
		{47808441-6DE4-F1E6-0D89-3E0BE8D0BF87}.Debug|Any CPU.ActiveCfg = Debug|Any CPU
		{47808441-6DE4-F1E6-0D89-3E0BE8D0BF87}.Debug|Any CPU.Build.0 = Debug|Any CPU
		{47808441-6DE4-F1E6-0D89-3E0BE8D0BF87}.Release|Any CPU.ActiveCfg = Release|Any CPU
		{47808441-6DE4-F1E6-0D89-3E0BE8D0BF87}.Release|Any CPU.Build.0 = Release|Any CPU
		{7C268F59-2C0F-EDB9-FC5A-777075915CBB}.Debug|Any CPU.ActiveCfg = Debug|Any CPU
		{7C268F59-2C0F-EDB9-FC5A-777075915CBB}.Debug|Any CPU.Build.0 = Debug|Any CPU
		{7C268F59-2C0F-EDB9-FC5A-777075915CBB}.Release|Any CPU.ActiveCfg = Release|Any CPU
		{7C268F59-2C0F-EDB9-FC5A-777075915CBB}.Release|Any CPU.Build.0 = Release|Any CPU
		{689FED1B-50B7-28A9-F894-0C66A6E315D8}.Debug|Any CPU.ActiveCfg = Debug|Any CPU
		{689FED1B-50B7-28A9-F894-0C66A6E315D8}.Debug|Any CPU.Build.0 = Debug|Any CPU
		{689FED1B-50B7-28A9-F894-0C66A6E315D8}.Release|Any CPU.ActiveCfg = Release|Any CPU
		{689FED1B-50B7-28A9-F894-0C66A6E315D8}.Release|Any CPU.Build.0 = Release|Any CPU
		{1A6DB790-F8A5-5B60-C9C2-3D4B6E02B54E}.Debug|Any CPU.ActiveCfg = Debug|Any CPU
		{1A6DB790-F8A5-5B60-C9C2-3D4B6E02B54E}.Debug|Any CPU.Build.0 = Debug|Any CPU
		{1A6DB790-F8A5-5B60-C9C2-3D4B6E02B54E}.Release|Any CPU.ActiveCfg = Release|Any CPU
		{1A6DB790-F8A5-5B60-C9C2-3D4B6E02B54E}.Release|Any CPU.Build.0 = Release|Any CPU
	EndGlobalSection
	GlobalSection(SolutionProperties) = preSolution
		HideSolutionNode = FALSE
	EndGlobalSection
EndGlobal
